{
  "requires": true,
  "lockfileVersion": 1,
  "dependencies": {
    "js-md5": {
      "version": "0.7.3",
      "resolved": "http://registry.npm.taobao.org/js-md5/download/js-md5-0.7.3.tgz",
      "integrity": "sha1-tPL7sLMnRV9ZjWcn447Ccs0Jw/I="
    },
    "mpvue-echarts": {
      "version": "0.3.1",
      "resolved": "https://registry.npm.taobao.org/mpvue-echarts/download/mpvue-echarts-0.3.1.tgz",
      "integrity": "sha1-TFuu5MnokmCrKUS6UEUnWY2nIR4="
    }
  }
}
